
Microsoft Visual Studio Solution File, Format Version 12.00
# Visual Studio Version 17
VisualStudioVersion = 17.7.34202.233
MinimumVisualStudioVersion = 10.0.40219.1
Project("{8BC9CEB8-8B4A-11D0-8D11-00A0C91BC942}") = "Tarefa2", "Tarefa2\Tarefa2.vcxproj", "{6F39D7C7-5C0A-40FE-BC56-8CA1BE68348A}"
EndProject
Project("{8BC9CEB8-8B4A-11D0-8D11-00A0C91BC942}") = "tarefa2teste", "tarefa2teste\tarefa2teste.vcxproj", "{20569B8F-99F0-4BD2-8A59-B0E3A09154F0}"
EndProject
Global
	GlobalSection(SolutionConfigurationPlatforms) = preSolution
		Debug|x64 = Debug|x64
		Debug|x86 = Debug|x86
		Release|x64 = Release|x64
		Release|x86 = Release|x86
	EndGlobalSection
	GlobalSection(ProjectConfigurationPlatforms) = postSolution
		{6F39D7C7-5C0A-40FE-BC56-8CA1BE68348A}.Debug|x64.ActiveCfg = Debug|x64
		{6F39D7C7-5C0A-40FE-BC56-8CA1BE68348A}.Debug|x64.Build.0 = Debug|x64
		{6F39D7C7-5C0A-40FE-BC56-8CA1BE68348A}.Debug|x86.ActiveCfg = Debug|Win32
		{6F39D7C7-5C0A-40FE-BC56-8CA1BE68348A}.Debug|x86.Build.0 = Debug|Win32
		{6F39D7C7-5C0A-40FE-BC56-8CA1BE68348A}.Release|x64.ActiveCfg = Release|x64
		{6F39D7C7-5C0A-40FE-BC56-8CA1BE68348A}.Release|x64.Build.0 = Release|x64
		{6F39D7C7-5C0A-40FE-BC56-8CA1BE68348A}.Release|x86.ActiveCfg = Release|Win32
		{6F39D7C7-5C0A-40FE-BC56-8CA1BE68348A}.Release|x86.Build.0 = Release|Win32
		{20569B8F-99F0-4BD2-8A59-B0E3A09154F0}.Debug|x64.ActiveCfg = Debug|x64
		{20569B8F-99F0-4BD2-8A59-B0E3A09154F0}.Debug|x64.Build.0 = Debug|x64
		{20569B8F-99F0-4BD2-8A59-B0E3A09154F0}.Debug|x86.ActiveCfg = Debug|Win32
		{20569B8F-99F0-4BD2-8A59-B0E3A09154F0}.Debug|x86.Build.0 = Debug|Win32
		{20569B8F-99F0-4BD2-8A59-B0E3A09154F0}.Release|x64.ActiveCfg = Release|x64
		{20569B8F-99F0-4BD2-8A59-B0E3A09154F0}.Release|x64.Build.0 = Release|x64
		{20569B8F-99F0-4BD2-8A59-B0E3A09154F0}.Release|x86.ActiveCfg = Release|Win32
		{20569B8F-99F0-4BD2-8A59-B0E3A09154F0}.Release|x86.Build.0 = Release|Win32
	EndGlobalSection
	GlobalSection(SolutionProperties) = preSolution
		HideSolutionNode = FALSE
	EndGlobalSection
	GlobalSection(ExtensibilityGlobals) = postSolution
		SolutionGuid = {D96E091B-BA81-4A0A-9AB3-045D0D502FFC}
	EndGlobalSection
EndGlobal
